
Microsoft Visual Studio Solution File, Format Version 12.00
# Visual Studio Version 17
VisualStudioVersion = 17.0.31919.166
MinimumVisualStudioVersion = 10.0.40219.1
Project("{FAE04EC0-301F-11D3-BF4B-00C04F79EFBC}") = "InsuranceRepo", "InsuranceRepo\InsuranceRepo.csproj", "{745897E5-1F38-4B02-A571-1EFF0CFD687B}"
EndProject
Project("{FAE04EC0-301F-11D3-BF4B-00C04F79EFBC}") = "InsuranceTest", "InsuranceTest\InsuranceTest.csproj", "{C25BF8AF-D1EE-4873-AD03-57DEDC63B421}"
EndProject
Global
	GlobalSection(SolutionConfigurationPlatforms) = preSolution
		Debug|Any CPU = Debug|Any CPU
		Release|Any CPU = Release|Any CPU
	EndGlobalSection
	GlobalSection(ProjectConfigurationPlatforms) = postSolution
		{745897E5-1F38-4B02-A571-1EFF0CFD687B}.Debug|Any CPU.ActiveCfg = Debug|Any CPU
		{745897E5-1F38-4B02-A571-1EFF0CFD687B}.Debug|Any CPU.Build.0 = Debug|Any CPU
		{745897E5-1F38-4B02-A571-1EFF0CFD687B}.Release|Any CPU.ActiveCfg = Release|Any CPU
		{745897E5-1F38-4B02-A571-1EFF0CFD687B}.Release|Any CPU.Build.0 = Release|Any CPU
		{C25BF8AF-D1EE-4873-AD03-57DEDC63B421}.Debug|Any CPU.ActiveCfg = Debug|Any CPU
		{C25BF8AF-D1EE-4873-AD03-57DEDC63B421}.Debug|Any CPU.Build.0 = Debug|Any CPU
		{C25BF8AF-D1EE-4873-AD03-57DEDC63B421}.Release|Any CPU.ActiveCfg = Release|Any CPU
		{C25BF8AF-D1EE-4873-AD03-57DEDC63B421}.Release|Any CPU.Build.0 = Release|Any CPU
	EndGlobalSection
	GlobalSection(SolutionProperties) = preSolution
		HideSolutionNode = FALSE
	EndGlobalSection
	GlobalSection(ExtensibilityGlobals) = postSolution
		SolutionGuid = {821F41E8-6FC1-45FA-95AE-39F689901645}
	EndGlobalSection
EndGlobal
